
Microsoft Visual Studio Solution File, Format Version 12.00
# Visual Studio Version 16
VisualStudioVersion = 16.0.30711.63
MinimumVisualStudioVersion = 10.0.40219.1
Project("{9A19103F-16F7-4668-BE54-9A1E7A4F7556}") = "PcscNfcSnep", "PcscNfcSnep\PcscNfcSnep.csproj", "{6380E37F-6FCD-4BB5-B123-A092389979A1}"
EndProject
Project("{FAE04EC0-301F-11D3-BF4B-00C04F79EFBC}") = "IOStorage", "StorageManager\IOStorage.csproj", "{77ECC381-5177-4429-A3CD-32284B256318}"
EndProject
Global
	GlobalSection(SolutionConfigurationPlatforms) = preSolution
		Debug|Any CPU = Debug|Any CPU
		Release|Any CPU = Release|Any CPU
	EndGlobalSection
	GlobalSection(ProjectConfigurationPlatforms) = postSolution
		{6380E37F-6FCD-4BB5-B123-A092389979A1}.Debug|Any CPU.ActiveCfg = Debug|Any CPU
		{6380E37F-6FCD-4BB5-B123-A092389979A1}.Debug|Any CPU.Build.0 = Debug|Any CPU
		{6380E37F-6FCD-4BB5-B123-A092389979A1}.Release|Any CPU.ActiveCfg = Release|Any CPU
		{6380E37F-6FCD-4BB5-B123-A092389979A1}.Release|Any CPU.Build.0 = Release|Any CPU
		{77ECC381-5177-4429-A3CD-32284B256318}.Debug|Any CPU.ActiveCfg = Debug|Any CPU
		{77ECC381-5177-4429-A3CD-32284B256318}.Debug|Any CPU.Build.0 = Debug|Any CPU
		{77ECC381-5177-4429-A3CD-32284B256318}.Release|Any CPU.ActiveCfg = Release|Any CPU
		{77ECC381-5177-4429-A3CD-32284B256318}.Release|Any CPU.Build.0 = Release|Any CPU
	EndGlobalSection
	GlobalSection(SolutionProperties) = preSolution
		HideSolutionNode = FALSE
	EndGlobalSection
	GlobalSection(ExtensibilityGlobals) = postSolution
		SolutionGuid = {C9ADBF54-5055-4BC8-B82B-FD732B117843}
	EndGlobalSection
EndGlobal
